
Microsoft Visual Studio Solution File, Format Version 12.00
# Visual Studio Version 16
VisualStudioVersion = 16.0.32126.315
MinimumVisualStudioVersion = 10.0.40219.1
Project("{9A19103F-16F7-4668-BE54-9A1E7A4F7556}") = "RideShare.DAL", "RideShare.DAL\RideShare.DAL.csproj", "{FD0E059B-8F9F-41AC-8C8D-9BF1A01A8F1F}"
EndProject
Project("{FAE04EC0-301F-11D3-BF4B-00C04F79EFBC}") = "RideShare.BL", "RideShare.BL\RideShare.BL.csproj", "{0480CEA1-95BE-43F0-93FF-D6A1A1478A6F}"
EndProject
Global
	GlobalSection(SolutionConfigurationPlatforms) = preSolution
		Debug|Any CPU = Debug|Any CPU
		Release|Any CPU = Release|Any CPU
	EndGlobalSection
	GlobalSection(ProjectConfigurationPlatforms) = postSolution
		{FD0E059B-8F9F-41AC-8C8D-9BF1A01A8F1F}.Debug|Any CPU.ActiveCfg = Debug|Any CPU
		{FD0E059B-8F9F-41AC-8C8D-9BF1A01A8F1F}.Debug|Any CPU.Build.0 = Debug|Any CPU
		{FD0E059B-8F9F-41AC-8C8D-9BF1A01A8F1F}.Release|Any CPU.ActiveCfg = Release|Any CPU
		{FD0E059B-8F9F-41AC-8C8D-9BF1A01A8F1F}.Release|Any CPU.Build.0 = Release|Any CPU
		{0480CEA1-95BE-43F0-93FF-D6A1A1478A6F}.Debug|Any CPU.ActiveCfg = Debug|Any CPU
		{0480CEA1-95BE-43F0-93FF-D6A1A1478A6F}.Debug|Any CPU.Build.0 = Debug|Any CPU
		{0480CEA1-95BE-43F0-93FF-D6A1A1478A6F}.Release|Any CPU.ActiveCfg = Release|Any CPU
		{0480CEA1-95BE-43F0-93FF-D6A1A1478A6F}.Release|Any CPU.Build.0 = Release|Any CPU
	EndGlobalSection
	GlobalSection(SolutionProperties) = preSolution
		HideSolutionNode = FALSE
	EndGlobalSection
	GlobalSection(ExtensibilityGlobals) = postSolution
		SolutionGuid = {FB9B86C3-FEF8-4EC1-8613-F276B9A376EC}
	EndGlobalSection
EndGlobal
